
Microsoft Visual Studio Solution File, Format Version 12.00
# Visual Studio Version 17
VisualStudioVersion = 17.8.34525.116
MinimumVisualStudioVersion = 10.0.40219.1
Project("{8BC9CEB8-8B4A-11D0-8D11-00A0C91BC942}") = "Project_16.1", "Project_16.1.vcxproj", "{CD356894-C303-4220-9DB5-65ECAB99C88C}"
EndProject
Global
	GlobalSection(SolutionConfigurationPlatforms) = preSolution
		Debug|x64 = Debug|x64
		Debug|x86 = Debug|x86
		Release|x64 = Release|x64
		Release|x86 = Release|x86
	EndGlobalSection
	GlobalSection(ProjectConfigurationPlatforms) = postSolution
		{CD356894-C303-4220-9DB5-65ECAB99C88C}.Debug|x64.ActiveCfg = Debug|x64
		{CD356894-C303-4220-9DB5-65ECAB99C88C}.Debug|x64.Build.0 = Debug|x64
		{CD356894-C303-4220-9DB5-65ECAB99C88C}.Debug|x86.ActiveCfg = Debug|Win32
		{CD356894-C303-4220-9DB5-65ECAB99C88C}.Debug|x86.Build.0 = Debug|Win32
		{CD356894-C303-4220-9DB5-65ECAB99C88C}.Release|x64.ActiveCfg = Release|x64
		{CD356894-C303-4220-9DB5-65ECAB99C88C}.Release|x64.Build.0 = Release|x64
		{CD356894-C303-4220-9DB5-65ECAB99C88C}.Release|x86.ActiveCfg = Release|Win32
		{CD356894-C303-4220-9DB5-65ECAB99C88C}.Release|x86.Build.0 = Release|Win32
	EndGlobalSection
	GlobalSection(SolutionProperties) = preSolution
		HideSolutionNode = FALSE
	EndGlobalSection
	GlobalSection(ExtensibilityGlobals) = postSolution
		SolutionGuid = {BE6C805A-0427-43CB-965F-08220597DAB8}
	EndGlobalSection
EndGlobal
